// !$*UTF8*$!
{
	archiveVersion = 1;
	classes = {
	};
	objectVersion = 46;
	objects = {

/* Begin PBXBuildFile section */
		F0776FFD15F407CD00D34C05 /* main.cpp in Sources */ = {isa = PBXBuildFile; fileRef = F0776FFC15F407CD00D34C05 /* main.cpp */; };
		F0776FFF15F407CD00D34C05 /* SkeletonMidiController.1 in CopyFiles */ = {isa = PBXBuildFile; fileRef = F0776FFE15F407CD00D34C05 /* SkeletonMidiController.1 */; };
/* End PBXBuildFile section */

/* Begin PBXCopyFilesBuildPhase section */
		F0776FF615F407CD00D34C05 /* CopyFiles */ = {
			isa = PBXCopyFilesBuildPhase;
			buildActionMask = 2147483647;
			dstPath = /usr/share/man/man1/;
			dstSubfolderSpec = 0;
			files = (
				F0776FFF15F407CD00D34C05 /* SkeletonMidiController.1 in CopyFiles */,
			);
			runOnlyForDeploymentPostprocessing = 1;
		};
/* End PBXCopyFilesBuildPhase section */

/* Begin PBXFileReference section */
		F0776FF815F407CD00D34C05 /* SkeletonMidiController */ = {isa = PBXFileReference; explicitFileType = "compiled.mach-o.executable"; includeInIndex = 0; path = SkeletonMidiController; sourceTree = BUILT_PRODUCTS_DIR; };
		F0776FFC15F407CD00D34C05 /* main.cpp */ = {isa = PBXFileReference; lastKnownFileType = sourcecode.cpp.cpp; path = main.cpp; sourceTree = "<group>"; };
		F0776FFE15F407CD00D34C05 /* SkeletonMidiController.1 */ = {isa = PBXFileReference; lastKnownFileType = text.man; path = SkeletonMidiController.1; sourceTree = "<group>"; };
/* End PBXFileReference section */

/* Begin PBXFrameworksBuildPhase section */
		F0776FF515F407CD00D34C05 /* Frameworks */ = {
			isa = PBXFrameworksBuildPhase;
			buildActionMask = 2147483647;
			files = (
			);
			runOnlyForDeploymentPostprocessing = 0;
		};
/* End PBXFrameworksBuildPhase section */

/* Begin PBXGroup section */
		F0776FED15F407CD00D34C05 = {
			isa = PBXGroup;
			children = (
				F0776FFB15F407CD00D34C05 /* SkeletonMidiController */,
				F0776FF915F407CD00D34C05 /* Products */,
			);
			sourceTree = "<group>";
		};
		F0776FF915F407CD00D34C05 /* Products */ = {
			isa = PBXGroup;
			children = (
				F0776FF815F407CD00D34C05 /* SkeletonMidiController */,
			);
			name = Products;
			sourceTree = "<group>";
		};
		F0776FFB15F407CD00D34C05 /* SkeletonMidiController */ = {
			isa = PBXGroup;
			children = (
				F0776FFC15F407CD00D34C05 /* main.cpp */,
				F0776FFE15F407CD00D34C05 /* SkeletonMidiController.1 */,
			);
			path = SkeletonMidiController;
			sourceTree = "<group>";
		};
/* End PBXGroup section */

/* Begin PBXNativeTarget section */
		F0776FF715F407CD00D34C05 /* SkeletonMidiController */ = {
			isa = PBXNativeTarget;
			buildConfigurationList = F077700215F407CD00D34C05 /* Build configuration list for PBXNativeTarget "SkeletonMidiController" */;
			buildPhases = (
				F0776FF415F407CD00D34C05 /* Sources */,
				F0776FF515F407CD00D34C05 /* Frameworks */,
				F0776FF615F407CD00D34C05 /* CopyFiles */,
			);
			buildRules = (
			);
			dependencies = (
			);
			name = SkeletonMidiController;
			productName = SkeletonMidiController;
			productReference = F0776FF815F407CD00D34C05 /* SkeletonMidiController */;
			productType = "com.apple.product-type.tool";
		};
/* End PBXNativeTarget section */

/* Begin PBXProject section */
		F0776FEF15F407CD00D34C05 /* Project object */ = {
			isa = PBXProject;
			attributes = {
				LastUpgradeCheck = 0430;
			};
			buildConfigurationList = F0776FF215F407CD00D34C05 /* Build configuration list for PBXProject "SkeletonMidiController" */;
			compatibilityVersion = "Xcode 3.2";
			developmentRegion = English;
			hasScannedForEncodings = 0;
			knownRegions = (
				en,
			);
			mainGroup = F0776FED15F407CD00D34C05;
			productRefGroup = F0776FF915F407CD00D34C05 /* Products */;
			projectDirPath = "";
			projectRoot = "";
			targets = (
				F0776FF715F407CD00D34C05 /* SkeletonMidiController */,
			);
		};
/* End PBXProject section */

/* Begin PBXSourcesBuildPhase section */
		F0776FF415F407CD00D34C05 /* Sources */ = {
			isa = PBXSourcesBuildPhase;
			buildActionMask = 2147483647;
			files = (
				F0776FFD15F407CD00D34C05 /* main.cpp in Sources */,
			);
			runOnlyForDeploymentPostprocessing = 0;
		};
/* End PBXSourcesBuildPhase section */

/* Begin XCBuildConfiguration section */
		F077700015F407CD00D34C05 /* Debug */ = {
			isa = XCBuildConfiguration;
			buildSettings = {
				ALWAYS_SEARCH_USER_PATHS = NO;
				ARCHS = "$(ARCHS_STANDARD_64_BIT)";
				COPY_PHASE_STRIP = NO;
				GCC_C_LANGUAGE_STANDARD = gnu99;
				GCC_DYNAMIC_NO_PIC = NO;
				GCC_ENABLE_OBJC_EXCEPTIONS = YES;
				GCC_OPTIMIZATION_LEVEL = 0;
				GCC_PREPROCESSOR_DEFINITIONS = (
					"DEBUG=1",
					"$(inherited)",
				);
				GCC_SYMBOLS_PRIVATE_EXTERN = NO;
				GCC_VERSION = com.apple.compilers.llvm.clang.1_0;
				GCC_WARN_64_TO_32_BIT_CONVERSION = YES;
				GCC_WARN_ABOUT_RETURN_TYPE = YES;
				GCC_WARN_UNINITIALIZED_AUTOS = YES;
				GCC_WARN_UNUSED_VARIABLE = YES;
				MACOSX_DEPLOYMENT_TARGET = 10.7;
				ONLY_ACTIVE_ARCH = YES;
				SDKROOT = macosx;
			};
			name = Debug;
		};
		F077700115F407CD00D34C05 /* Release */ = {
			isa = XCBuildConfiguration;
			buildSettings = {
				ALWAYS_SEARCH_USER_PATHS = NO;
				ARCHS = "$(ARCHS_STANDARD_64_BIT)";
				COPY_PHASE_STRIP = YES;
				DEBUG_INFORMATION_FORMAT = "dwarf-with-dsym";
				GCC_C_LANGUAGE_STANDARD = gnu99;
				GCC_ENABLE_OBJC_EXCEPTIONS = YES;
				GCC_VERSION = com.apple.compilers.llvm.clang.1_0;
				GCC_WARN_64_TO_32_BIT_CONVERSION = YES;
				GCC_WARN_ABOUT_RETURN_TYPE = YES;
				GCC_WARN_UNINITIALIZED_AUTOS = YES;
				GCC_WARN_UNUSED_VARIABLE = YES;
				MACOSX_DEPLOYMENT_TARGET = 10.7;
				SDKROOT = macosx;
			};
			name = Release;
		};
		F077700315F407CD00D34C05 /* Debug */ = {
			isa = XCBuildConfiguration;
			buildSettings = {
				PRODUCT_NAME = "$(TARGET_NAME)";
			};
			name = Debug;
		};
		F077700415F407CD00D34C05 /* Release */ = {
			isa = XCBuildConfiguration;
			buildSettings = {
				PRODUCT_NAME = "$(TARGET_NAME)";
			};
			name = Release;
		};
/* End XCBuildConfiguration section */

/* Begin XCConfigurationList section */
		F0776FF215F407CD00D34C05 /* Build configuration list for PBXProject "SkeletonMidiController" */ = {
			isa = XCConfigurationList;
			buildConfigurations = (
				F077700015F407CD00D34C05 /* Debug */,
				F077700115F407CD00D34C05 /* Release */,
			);
			defaultConfigurationIsVisible = 0;
			defaultConfigurationName = Release;
		};
		F077700215F407CD00D34C05 /* Build configuration list for PBXNativeTarget "SkeletonMidiController" */ = {
			isa = XCConfigurationList;
			buildConfigurations = (
				F077700315F407CD00D34C05 /* Debug */,
				F077700415F407CD00D34C05 /* Release */,
			);
			defaultConfigurationIsVisible = 0;
		};
/* End XCConfigurationList section */
	};
	rootObject = F0776FEF15F407CD00D34C05 /* Project object */;
}
